
Microsoft Visual Studio Solution File, Format Version 12.00
# Visual Studio Version 17
VisualStudioVersion = 17.10.35027.167
MinimumVisualStudioVersion = 10.0.40219.1
Project("{FAE04EC0-301F-11D3-BF4B-00C04F79EFBC}") = "ContactAppUI", "ContactAppUI\ContactAppUI.csproj", "{A797DD1E-6FF5-4448-9EE5-162CA2703587}"
EndProject
Project("{FAE04EC0-301F-11D3-BF4B-00C04F79EFBC}") = "ContactApp", "ContactApp\ContactApp.csproj", "{17F76329-CF1C-4C98-A070-59195D99E815}"
EndProject
Project("{FAE04EC0-301F-11D3-BF4B-00C04F79EFBC}") = "ContactApp.UnitTests", "ContactApp.UnitTests\ContactApp.UnitTests.csproj", "{5EB82DD1-C965-476B-A76C-051C1F834E79}"
EndProject
Global
	GlobalSection(SolutionConfigurationPlatforms) = preSolution
		Debug|Any CPU = Debug|Any CPU
		Release|Any CPU = Release|Any CPU
	EndGlobalSection
	GlobalSection(ProjectConfigurationPlatforms) = postSolution
		{A797DD1E-6FF5-4448-9EE5-162CA2703587}.Debug|Any CPU.ActiveCfg = Debug|Any CPU
		{A797DD1E-6FF5-4448-9EE5-162CA2703587}.Debug|Any CPU.Build.0 = Debug|Any CPU
		{A797DD1E-6FF5-4448-9EE5-162CA2703587}.Release|Any CPU.ActiveCfg = Release|Any CPU
		{A797DD1E-6FF5-4448-9EE5-162CA2703587}.Release|Any CPU.Build.0 = Release|Any CPU
		{17F76329-CF1C-4C98-A070-59195D99E815}.Debug|Any CPU.ActiveCfg = Debug|Any CPU
		{17F76329-CF1C-4C98-A070-59195D99E815}.Debug|Any CPU.Build.0 = Debug|Any CPU
		{17F76329-CF1C-4C98-A070-59195D99E815}.Release|Any CPU.ActiveCfg = Release|Any CPU
		{17F76329-CF1C-4C98-A070-59195D99E815}.Release|Any CPU.Build.0 = Release|Any CPU
		{5EB82DD1-C965-476B-A76C-051C1F834E79}.Debug|Any CPU.ActiveCfg = Debug|Any CPU
		{5EB82DD1-C965-476B-A76C-051C1F834E79}.Debug|Any CPU.Build.0 = Debug|Any CPU
		{5EB82DD1-C965-476B-A76C-051C1F834E79}.Release|Any CPU.ActiveCfg = Release|Any CPU
		{5EB82DD1-C965-476B-A76C-051C1F834E79}.Release|Any CPU.Build.0 = Release|Any CPU
	EndGlobalSection
	GlobalSection(SolutionProperties) = preSolution
		HideSolutionNode = FALSE
	EndGlobalSection
	GlobalSection(ExtensibilityGlobals) = postSolution
		SolutionGuid = {9D09AE74-6681-43BD-A5B5-12912C272F14}
	EndGlobalSection
EndGlobal
